{
    "_readme": [
        "This file locks the dependencies of your project to a known state",
        "Read more about it at https://getcomposer.org/doc/01-basic-usage.md#installing-dependencies",
        "This file is @generated automatically"
    ],
    "content-hash": "733051cced84172462ac733ad655da54",
    "packages": [
        {
            "name": "gumlet/php-image-resize",
            "version": "2.1.3",
            "source": {
                "type": "git",
                "url": "https://github.com/gumlet/php-image-resize.git",
                "reference": "0cf9469c98f4a90ecad780c9ca7339c37f235e0c"
            },
            "dist": {
                "type": "zip",
                "url": "https://api.github.com/repos/gumlet/php-image-resize/zipball/0cf9469c98f4a90ecad780c9ca7339c37f235e0c",
                "reference": "0cf9469c98f4a90ecad780c9ca7339c37f235e0c",
                "shasum": ""
            },
            "require": {
                "ext-fileinfo": "*",
                "ext-gd": "*",
                "php": ">=8.1.0"
            },
            "require-dev": {
                "ext-exif": "*",
                "ext-gd": "*",
                "php-coveralls/php-coveralls": "^2.1",
                "phpunit/phpunit": "^10.0"
            },
            "suggest": {
                "ext-exif": "Auto-rotate jpeg files"
            },
            "type": "library",
            "autoload": {
                "psr-4": {
                    "Gumlet\\": "lib/"
                }
            },
            "notification-url": "https://packagist.org/downloads/",
            "license": [
                "MIT"
            ],
            "authors": [
                {
                    "name": "Aditya Patadia",
                    "homepage": "http://aditya.patadia.org/"
                }
            ],
            "description": "PHP class to re-size and scale images",
            "homepage": "https://github.com/gumlet/php-image-resize",
            "keywords": [
                "image",
                "php",
                "resize",
                "scale"
            ],
            "support": {
                "issues": "https://github.com/gumlet/php-image-resize/issues",
                "source": "https://github.com/gumlet/php-image-resize/tree/2.1.3"
            },
            "time": "2026-01-09T04:01:14+00:00"
        }
    ],
    "packages-dev": [],
    "aliases": [],
    "minimum-stability": "stable",
    "stability-flags": {},
    "prefer-stable": false,
    "prefer-lowest": false,
    "platform": {},
    "platform-dev": {},
    "plugin-api-version": "2.9.0"
}
